
Microsoft Visual Studio Solution File, Format Version 12.00
# Visual Studio 15
VisualStudioVersion = 15.0.27428.2002
MinimumVisualStudioVersion = 10.0.40219.1
Project("{2150E333-8FDC-42A3-9474-1A3956D46DE8}") = "source", "source", "{03141884-AD7F-4373-8A67-934D78B22583}"
EndProject
Project("{2150E333-8FDC-42A3-9474-1A3956D46DE8}") = "tests", "tests", "{6DCCB9F6-3EAA-445A-A83A-B393C47F0B43}"
EndProject
Project("{2150E333-8FDC-42A3-9474-1A3956D46DE8}") = "Solution Items", "Solution Items", "{A2917556-F3DB-467D-AFEE-C22CD6D94DC0}"
	ProjectSection(SolutionItems) = preProject
		.gitattributes = .gitattributes
		.gitignore = .gitignore
		Git Workflow.md = Git Workflow.md
		Projektstruktur.md = Projektstruktur.md
		ReadMe.md = ReadMe.md
		Unit Tests.md = Unit Tests.md
	EndProjectSection
EndProject
Project("{2150E333-8FDC-42A3-9474-1A3956D46DE8}") = "build", "build", "{A7293DFB-7EC4-49C0-BA21-FBB0980131DE}"
	ProjectSection(SolutionItems) = preProject
		Directory.Build.props = Directory.Build.props
	EndProjectSection
EndProject
Global
	GlobalSection(SolutionProperties) = preSolution
		HideSolutionNode = FALSE
	EndGlobalSection
	GlobalSection(ExtensibilityGlobals) = postSolution
		SolutionGuid = {D65D0E5D-B8E9-4207-AC48-5B7AEC4B844B}
	EndGlobalSection
EndGlobal
